// !$*UTF8*$!
{
	archiveVersion = 1;
	classes = {
	};
	objectVersion = 50;
	objects = {

/* Begin PBXBuildFile section */
		4318D73326AABF5400877D3F /* AppDelegate.swift in Sources */ = {isa = PBXBuildFile; fileRef = 4318D73226AABF5400877D3F /* AppDelegate.swift */; };
		4318D73526AABF5400877D3F /* SceneDelegate.swift in Sources */ = {isa = PBXBuildFile; fileRef = 4318D73426AABF5400877D3F /* SceneDelegate.swift */; };
		4318D73726AABF5400877D3F /* ViewController.swift in Sources */ = {isa = PBXBuildFile; fileRef = 4318D73626AABF5400877D3F /* ViewController.swift */; };
		4318D73A26AABF5400877D3F /* Main.storyboard in Resources */ = {isa = PBXBuildFile; fileRef = 4318D73826AABF5400877D3F /* Main.storyboard */; };
		4318D73C26AABF5600877D3F /* Assets.xcassets in Resources */ = {isa = PBXBuildFile; fileRef = 4318D73B26AABF5600877D3F /* Assets.xcassets */; };
		4318D73F26AABF5600877D3F /* LaunchScreen.storyboard in Resources */ = {isa = PBXBuildFile; fileRef = 4318D73D26AABF5600877D3F /* LaunchScreen.storyboard */; };
		43CF2E2D26C298EA00F13B1E /* test.swift in Sources */ = {isa = PBXBuildFile; fileRef = 43CF2E2C26C298EA00F13B1E /* test.swift */; };
		43EC560F26C39E5F00C3EC71 /* OTDebugger.framework in Frameworks */ = {isa = PBXBuildFile; fileRef = 43EC560E26C39E4600C3EC71 /* OTDebugger.framework */; };
		43EC561026C39E5F00C3EC71 /* OTDebugger.framework in Embed Frameworks */ = {isa = PBXBuildFile; fileRef = 43EC560E26C39E4600C3EC71 /* OTDebugger.framework */; settings = {ATTRIBUTES = (CodeSignOnCopy, RemoveHeadersOnCopy, ); }; };
/* End PBXBuildFile section */

/* Begin PBXContainerItemProxy section */
		43EC560D26C39E4600C3EC71 /* PBXContainerItemProxy */ = {
			isa = PBXContainerItemProxy;
			containerPortal = 43EC560926C39E4600C3EC71 /* OTDebugger.xcodeproj */;
			proxyType = 2;
			remoteGlobalIDString = 43822C4026A95BC500A4AF63;
			remoteInfo = OTDebugger;
		};
/* End PBXContainerItemProxy section */

/* Begin PBXCopyFilesBuildPhase section */
		43260A2C26C18143003A3BD3 /* Embed Frameworks */ = {
			isa = PBXCopyFilesBuildPhase;
			buildActionMask = 2147483647;
			dstPath = "";
			dstSubfolderSpec = 10;
			files = (
				43EC561026C39E5F00C3EC71 /* OTDebugger.framework in Embed Frameworks */,
			);
			name = "Embed Frameworks";
			runOnlyForDeploymentPostprocessing = 0;
		};
/* End PBXCopyFilesBuildPhase section */

/* Begin PBXFileReference section */
		4318D72F26AABF5400877D3F /* DemoApp.app */ = {isa = PBXFileReference; explicitFileType = wrapper.application; includeInIndex = 0; path = DemoApp.app; sourceTree = BUILT_PRODUCTS_DIR; };
		4318D73226AABF5400877D3F /* AppDelegate.swift */ = {isa = PBXFileReference; lastKnownFileType = sourcecode.swift; path = AppDelegate.swift; sourceTree = "<group>"; };
		4318D73426AABF5400877D3F /* SceneDelegate.swift */ = {isa = PBXFileReference; lastKnownFileType = sourcecode.swift; path = SceneDelegate.swift; sourceTree = "<group>"; };
		4318D73626AABF5400877D3F /* ViewController.swift */ = {isa = PBXFileReference; lastKnownFileType = sourcecode.swift; path = ViewController.swift; sourceTree = "<group>"; };
		4318D73926AABF5400877D3F /* Base */ = {isa = PBXFileReference; lastKnownFileType = file.storyboard; name = Base; path = Base.lproj/Main.storyboard; sourceTree = "<group>"; };
		4318D73B26AABF5600877D3F /* Assets.xcassets */ = {isa = PBXFileReference; lastKnownFileType = folder.assetcatalog; path = Assets.xcassets; sourceTree = "<group>"; };
		4318D73E26AABF5600877D3F /* Base */ = {isa = PBXFileReference; lastKnownFileType = file.storyboard; name = Base; path = Base.lproj/LaunchScreen.storyboard; sourceTree = "<group>"; };
		4318D74026AABF5600877D3F /* Info.plist */ = {isa = PBXFileReference; lastKnownFileType = text.plist.xml; path = Info.plist; sourceTree = "<group>"; };
		43CF2E2C26C298EA00F13B1E /* test.swift */ = {isa = PBXFileReference; lastKnownFileType = sourcecode.swift; path = test.swift; sourceTree = "<group>"; };
		43EC560926C39E4600C3EC71 /* OTDebugger.xcodeproj */ = {isa = PBXFileReference; lastKnownFileType = "wrapper.pb-project"; name = OTDebugger.xcodeproj; path = "../../tv-framework/otdebugger/OTDebugger/OTDebugger.xcodeproj"; sourceTree = "<group>"; };
/* End PBXFileReference section */

/* Begin PBXFrameworksBuildPhase section */
		4318D72C26AABF5400877D3F /* Frameworks */ = {
			isa = PBXFrameworksBuildPhase;
			buildActionMask = 2147483647;
			files = (
				43EC560F26C39E5F00C3EC71 /* OTDebugger.framework in Frameworks */,
			);
			runOnlyForDeploymentPostprocessing = 0;
		};
/* End PBXFrameworksBuildPhase section */

/* Begin PBXGroup section */
		4318D72626AABF5400877D3F = {
			isa = PBXGroup;
			children = (
				43EC560926C39E4600C3EC71 /* OTDebugger.xcodeproj */,
				4318D73126AABF5400877D3F /* DemoApp */,
				4318D73026AABF5400877D3F /* Products */,
				4318D75026AABFB500877D3F /* Frameworks */,
			);
			sourceTree = "<group>";
		};
		4318D73026AABF5400877D3F /* Products */ = {
			isa = PBXGroup;
			children = (
				4318D72F26AABF5400877D3F /* DemoApp.app */,
			);
			name = Products;
			sourceTree = "<group>";
		};
		4318D73126AABF5400877D3F /* DemoApp */ = {
			isa = PBXGroup;
			children = (
				4318D73226AABF5400877D3F /* AppDelegate.swift */,
				4318D73426AABF5400877D3F /* SceneDelegate.swift */,
				4318D73626AABF5400877D3F /* ViewController.swift */,
				4318D73826AABF5400877D3F /* Main.storyboard */,
				4318D73B26AABF5600877D3F /* Assets.xcassets */,
				4318D73D26AABF5600877D3F /* LaunchScreen.storyboard */,
				4318D74026AABF5600877D3F /* Info.plist */,
				43CF2E2C26C298EA00F13B1E /* test.swift */,
			);
			path = DemoApp;
			sourceTree = "<group>";
		};
		4318D75026AABFB500877D3F /* Frameworks */ = {
			isa = PBXGroup;
			children = (
			);
			name = Frameworks;
			sourceTree = "<group>";
		};
		43EC560A26C39E4600C3EC71 /* Products */ = {
			isa = PBXGroup;
			children = (
				43EC560E26C39E4600C3EC71 /* OTDebugger.framework */,
			);
			name = Products;
			sourceTree = "<group>";
		};
/* End PBXGroup section */

/* Begin PBXNativeTarget section */
		4318D72E26AABF5400877D3F /* DemoApp */ = {
			isa = PBXNativeTarget;
			buildConfigurationList = 4318D74326AABF5600877D3F /* Build configuration list for PBXNativeTarget "DemoApp" */;
			buildPhases = (
				4318D72B26AABF5400877D3F /* Sources */,
				4318D72C26AABF5400877D3F /* Frameworks */,
				4318D72D26AABF5400877D3F /* Resources */,
				43260A2C26C18143003A3BD3 /* Embed Frameworks */,
			);
			buildRules = (
			);
			dependencies = (
			);
			name = DemoApp;
			productName = DemoApp;
			productReference = 4318D72F26AABF5400877D3F /* DemoApp.app */;
			productType = "com.apple.product-type.application";
		};
/* End PBXNativeTarget section */

/* Begin PBXProject section */
		4318D72726AABF5400877D3F /* Project object */ = {
			isa = PBXProject;
			attributes = {
				LastSwiftUpdateCheck = 1210;
				LastUpgradeCheck = 1210;
				TargetAttributes = {
					4318D72E26AABF5400877D3F = {
						CreatedOnToolsVersion = 12.1;
					};
				};
			};
			buildConfigurationList = 4318D72A26AABF5400877D3F /* Build configuration list for PBXProject "DemoApp" */;
			compatibilityVersion = "Xcode 9.3";
			developmentRegion = en;
			hasScannedForEncodings = 0;
			knownRegions = (
				en,
				Base,
			);
			mainGroup = 4318D72626AABF5400877D3F;
			productRefGroup = 4318D73026AABF5400877D3F /* Products */;
			projectDirPath = "";
			projectReferences = (
				{
					ProductGroup = 43EC560A26C39E4600C3EC71 /* Products */;
					ProjectRef = 43EC560926C39E4600C3EC71 /* OTDebugger.xcodeproj */;
				},
			);
			projectRoot = "";
			targets = (
				4318D72E26AABF5400877D3F /* DemoApp */,
			);
		};
/* End PBXProject section */

/* Begin PBXReferenceProxy section */
		43EC560E26C39E4600C3EC71 /* OTDebugger.framework */ = {
			isa = PBXReferenceProxy;
			fileType = wrapper.framework;
			path = OTDebugger.framework;
			remoteRef = 43EC560D26C39E4600C3EC71 /* PBXContainerItemProxy */;
			sourceTree = BUILT_PRODUCTS_DIR;
		};
/* End PBXReferenceProxy section */

/* Begin PBXResourcesBuildPhase section */
		4318D72D26AABF5400877D3F /* Resources */ = {
			isa = PBXResourcesBuildPhase;
			buildActionMask = 2147483647;
			files = (
				4318D73F26AABF5600877D3F /* LaunchScreen.storyboard in Resources */,
				4318D73C26AABF5600877D3F /* Assets.xcassets in Resources */,
				4318D73A26AABF5400877D3F /* Main.storyboard in Resources */,
			);
			runOnlyForDeploymentPostprocessing = 0;
		};
/* End PBXResourcesBuildPhase section */

/* Begin PBXSourcesBuildPhase section */
		4318D72B26AABF5400877D3F /* Sources */ = {
			isa = PBXSourcesBuildPhase;
			buildActionMask = 2147483647;
			files = (
				4318D73726AABF5400877D3F /* ViewController.swift in Sources */,
				43CF2E2D26C298EA00F13B1E /* test.swift in Sources */,
				4318D73326AABF5400877D3F /* AppDelegate.swift in Sources */,
				4318D73526AABF5400877D3F /* SceneDelegate.swift in Sources */,
			);
			runOnlyForDeploymentPostprocessing = 0;
		};
/* End PBXSourcesBuildPhase section */

/* Begin PBXVariantGroup section */
		4318D73826AABF5400877D3F /* Main.storyboard */ = {
			isa = PBXVariantGroup;
			children = (
				4318D73926AABF5400877D3F /* Base */,
			);
			name = Main.storyboard;
			sourceTree = "<group>";
		};
		4318D73D26AABF5600877D3F /* LaunchScreen.storyboard */ = {
			isa = PBXVariantGroup;
			children = (
				4318D73E26AABF5600877D3F /* Base */,
			);
			name = LaunchScreen.storyboard;
			sourceTree = "<group>";
		};
/* End PBXVariantGroup section */

/* Begin XCBuildConfiguration section */
		4318D74126AABF5600877D3F /* Debug */ = {
			isa = XCBuildConfiguration;
			buildSettings = {
				ALWAYS_SEARCH_USER_PATHS = NO;
				CLANG_ANALYZER_NONNULL = YES;
				CLANG_ANALYZER_NUMBER_OBJECT_CONVERSION = YES_AGGRESSIVE;
				CLANG_CXX_LANGUAGE_STANDARD = "gnu++14";
				CLANG_CXX_LIBRARY = "libc++";
				CLANG_ENABLE_MODULES = YES;
				CLANG_ENABLE_OBJC_ARC = YES;
				CLANG_ENABLE_OBJC_WEAK = YES;
				CLANG_WARN_BLOCK_CAPTURE_AUTORELEASING = YES;
				CLANG_WARN_BOOL_CONVERSION = YES;
				CLANG_WARN_COMMA = YES;
				CLANG_WARN_CONSTANT_CONVERSION = YES;
				CLANG_WARN_DEPRECATED_OBJC_IMPLEMENTATIONS = YES;
				CLANG_WARN_DIRECT_OBJC_ISA_USAGE = YES_ERROR;
				CLANG_WARN_DOCUMENTATION_COMMENTS = YES;
				CLANG_WARN_EMPTY_BODY = YES;
				CLANG_WARN_ENUM_CONVERSION = YES;
				CLANG_WARN_INFINITE_RECURSION = YES;
				CLANG_WARN_INT_CONVERSION = YES;
				CLANG_WARN_NON_LITERAL_NULL_CONVERSION = YES;
				CLANG_WARN_OBJC_IMPLICIT_RETAIN_SELF = YES;
				CLANG_WARN_OBJC_LITERAL_CONVERSION = YES;
				CLANG_WARN_OBJC_ROOT_CLASS = YES_ERROR;
				CLANG_WARN_QUOTED_INCLUDE_IN_FRAMEWORK_HEADER = YES;
				CLANG_WARN_RANGE_LOOP_ANALYSIS = YES;
				CLANG_WARN_STRICT_PROTOTYPES = YES;
				CLANG_WARN_SUSPICIOUS_MOVE = YES;
				CLANG_WARN_UNGUARDED_AVAILABILITY = YES_AGGRESSIVE;
				CLANG_WARN_UNREACHABLE_CODE = YES;
				CLANG_WARN__DUPLICATE_METHOD_MATCH = YES;
				COPY_PHASE_STRIP = NO;
				DEBUG_INFORMATION_FORMAT = dwarf;
				ENABLE_STRICT_OBJC_MSGSEND = YES;
				ENABLE_TESTABILITY = YES;
				GCC_C_LANGUAGE_STANDARD = gnu11;
				GCC_DYNAMIC_NO_PIC = NO;
				GCC_NO_COMMON_BLOCKS = YES;
				GCC_OPTIMIZATION_LEVEL = 0;
				GCC_PREPROCESSOR_DEFINITIONS = (
					"DEBUG=1",
					"$(inherited)",
				);
				GCC_WARN_64_TO_32_BIT_CONVERSION = YES;
				GCC_WARN_ABOUT_RETURN_TYPE = YES_ERROR;
				GCC_WARN_UNDECLARED_SELECTOR = YES;
				GCC_WARN_UNINITIALIZED_AUTOS = YES_AGGRESSIVE;
				GCC_WARN_UNUSED_FUNCTION = YES;
				GCC_WARN_UNUSED_VARIABLE = YES;
				IPHONEOS_DEPLOYMENT_TARGET = 11.0;
				MTL_ENABLE_DEBUG_INFO = INCLUDE_SOURCE;
				MTL_FAST_MATH = YES;
				ONLY_ACTIVE_ARCH = YES;
				SDKROOT = iphoneos;
				SWIFT_ACTIVE_COMPILATION_CONDITIONS = DEBUG;
				SWIFT_OPTIMIZATION_LEVEL = "-Onone";
			};
			name = Debug;
		};
		4318D74226AABF5600877D3F /* Release */ = {
			isa = XCBuildConfiguration;
			buildSettings = {
				ALWAYS_SEARCH_USER_PATHS = NO;
				CLANG_ANALYZER_NONNULL = YES;
				CLANG_ANALYZER_NUMBER_OBJECT_CONVERSION = YES_AGGRESSIVE;
				CLANG_CXX_LANGUAGE_STANDARD = "gnu++14";
				CLANG_CXX_LIBRARY = "libc++";
				CLANG_ENABLE_MODULES = YES;
				CLANG_ENABLE_OBJC_ARC = YES;
				CLANG_ENABLE_OBJC_WEAK = YES;
				CLANG_WARN_BLOCK_CAPTURE_AUTORELEASING = YES;
				CLANG_WARN_BOOL_CONVERSION = YES;
				CLANG_WARN_COMMA = YES;
				CLANG_WARN_CONSTANT_CONVERSION = YES;
				CLANG_WARN_DEPRECATED_OBJC_IMPLEMENTATIONS = YES;
				CLANG_WARN_DIRECT_OBJC_ISA_USAGE = YES_ERROR;
				CLANG_WARN_DOCUMENTATION_COMMENTS = YES;
				CLANG_WARN_EMPTY_BODY = YES;
				CLANG_WARN_ENUM_CONVERSION = YES;
				CLANG_WARN_INFINITE_RECURSION = YES;
				CLANG_WARN_INT_CONVERSION = YES;
				CLANG_WARN_NON_LITERAL_NULL_CONVERSION = YES;
				CLANG_WARN_OBJC_IMPLICIT_RETAIN_SELF = YES;
				CLANG_WARN_OBJC_LITERAL_CONVERSION = YES;
				CLANG_WARN_OBJC_ROOT_CLASS = YES_ERROR;
				CLANG_WARN_QUOTED_INCLUDE_IN_FRAMEWORK_HEADER = YES;
				CLANG_WARN_RANGE_LOOP_ANALYSIS = YES;
				CLANG_WARN_STRICT_PROTOTYPES = YES;
				CLANG_WARN_SUSPICIOUS_MOVE = YES;
				CLANG_WARN_UNGUARDED_AVAILABILITY = YES_AGGRESSIVE;
				CLANG_WARN_UNREACHABLE_CODE = YES;
				CLANG_WARN__DUPLICATE_METHOD_MATCH = YES;
				COPY_PHASE_STRIP = NO;
				DEBUG_INFORMATION_FORMAT = "dwarf-with-dsym";
				ENABLE_NS_ASSERTIONS = NO;
				ENABLE_STRICT_OBJC_MSGSEND = YES;
				GCC_C_LANGUAGE_STANDARD = gnu11;
				GCC_NO_COMMON_BLOCKS = YES;
				GCC_WARN_64_TO_32_BIT_CONVERSION = YES;
				GCC_WARN_ABOUT_RETURN_TYPE = YES_ERROR;
				GCC_WARN_UNDECLARED_SELECTOR = YES;
				GCC_WARN_UNINITIALIZED_AUTOS = YES_AGGRESSIVE;
				GCC_WARN_UNUSED_FUNCTION = YES;
				GCC_WARN_UNUSED_VARIABLE = YES;
				IPHONEOS_DEPLOYMENT_TARGET = 11.0;
				MTL_ENABLE_DEBUG_INFO = NO;
				MTL_FAST_MATH = YES;
				SDKROOT = iphoneos;
				SWIFT_COMPILATION_MODE = wholemodule;
				SWIFT_OPTIMIZATION_LEVEL = "-O";
				VALIDATE_PRODUCT = YES;
			};
			name = Release;
		};
		4318D74426AABF5600877D3F /* Debug */ = {
			isa = XCBuildConfiguration;
			buildSettings = {
				ASSETCATALOG_COMPILER_APPICON_NAME = AppIcon;
				ASSETCATALOG_COMPILER_GLOBAL_ACCENT_COLOR_NAME = AccentColor;
				CODE_SIGN_STYLE = Manual;
				DEVELOPMENT_TEAM = "";
				INFOPLIST_FILE = DemoApp/Info.plist;
				IPHONEOS_DEPLOYMENT_TARGET = 11.0;
				LD_RUNPATH_SEARCH_PATHS = (
					"$(inherited)",
					"@executable_path/Frameworks",
				);
				PRODUCT_BUNDLE_IDENTIFIER = test.DemoApp;
				PRODUCT_NAME = "$(TARGET_NAME)";
				PROVISIONING_PROFILE_SPECIFIER = "";
				SWIFT_VERSION = 5.0;
				TARGETED_DEVICE_FAMILY = "1,2";
			};
			name = Debug;
		};
		4318D74526AABF5600877D3F /* Release */ = {
			isa = XCBuildConfiguration;
			buildSettings = {
				ASSETCATALOG_COMPILER_APPICON_NAME = AppIcon;
				ASSETCATALOG_COMPILER_GLOBAL_ACCENT_COLOR_NAME = AccentColor;
				CODE_SIGN_STYLE = Manual;
				DEVELOPMENT_TEAM = "";
				INFOPLIST_FILE = DemoApp/Info.plist;
				IPHONEOS_DEPLOYMENT_TARGET = 11.0;
				LD_RUNPATH_SEARCH_PATHS = (
					"$(inherited)",
					"@executable_path/Frameworks",
				);
				PRODUCT_BUNDLE_IDENTIFIER = test.DemoApp;
				PRODUCT_NAME = "$(TARGET_NAME)";
				PROVISIONING_PROFILE_SPECIFIER = "";
				SWIFT_VERSION = 5.0;
				TARGETED_DEVICE_FAMILY = "1,2";
			};
			name = Release;
		};
/* End XCBuildConfiguration section */

/* Begin XCConfigurationList section */
		4318D72A26AABF5400877D3F /* Build configuration list for PBXProject "DemoApp" */ = {
			isa = XCConfigurationList;
			buildConfigurations = (
				4318D74126AABF5600877D3F /* Debug */,
				4318D74226AABF5600877D3F /* Release */,
			);
			defaultConfigurationIsVisible = 0;
			defaultConfigurationName = Release;
		};
		4318D74326AABF5600877D3F /* Build configuration list for PBXNativeTarget "DemoApp" */ = {
			isa = XCConfigurationList;
			buildConfigurations = (
				4318D74426AABF5600877D3F /* Debug */,
				4318D74526AABF5600877D3F /* Release */,
			);
			defaultConfigurationIsVisible = 0;
			defaultConfigurationName = Release;
		};
/* End XCConfigurationList section */
	};
	rootObject = 4318D72726AABF5400877D3F /* Project object */;
}
